Microsoft Visual Studio Solution File, Format Version 11.00
# Visual Studio 2010
Project("{FAE04EC0-301F-11D3-BF4B-00C04F79EFBC}") = "DXGauges_Linear", "DXGauges_Linear\DXGauges_Linear.csproj", "{8BAE7D5D-FD3F-49C8-AC76-59FCBD6DCFC0}"
EndProject
Global
	GlobalSection(SolutionConfigurationPlatforms) = preSolution
		Debug|x86 = Debug|x86
		Release|x86 = Release|x86
	EndGlobalSection
	GlobalSection(ProjectConfigurationPlatforms) = postSolution
		{8BAE7D5D-FD3F-49C8-AC76-59FCBD6DCFC0}.Debug|x86.ActiveCfg = Debug|x86
		{8BAE7D5D-FD3F-49C8-AC76-59FCBD6DCFC0}.Debug|x86.Build.0 = Debug|x86
		{8BAE7D5D-FD3F-49C8-AC76-59FCBD6DCFC0}.Release|x86.ActiveCfg = Release|x86
		{8BAE7D5D-FD3F-49C8-AC76-59FCBD6DCFC0}.Release|x86.Build.0 = Release|x86
	EndGlobalSection
	GlobalSection(SolutionProperties) = preSolution
		HideSolutionNode = FALSE
	EndGlobalSection
EndGlobal
